
Microsoft Visual Studio Solution File, Format Version 12.00
# Visual Studio Version 17
VisualStudioVersion = 17.7.34221.43
MinimumVisualStudioVersion = 10.0.40219.1
Project("{FAE04EC0-301F-11D3-BF4B-00C04F79EFBC}") = "WindowsFormsApp1", "WindowsFormsApp1\WindowsFormsApp1.csproj", "{91EA7C37-B500-4E57-9CFA-BF7DA375DC62}"
EndProject
Global
	GlobalSection(SolutionConfigurationPlatforms) = preSolution
		Debug|Any CPU = Debug|Any CPU
		Release|Any CPU = Release|Any CPU
	EndGlobalSection
	GlobalSection(ProjectConfigurationPlatforms) = postSolution
		{91EA7C37-B500-4E57-9CFA-BF7DA375DC62}.Debug|Any CPU.ActiveCfg = Debug|Any CPU
		{91EA7C37-B500-4E57-9CFA-BF7DA375DC62}.Debug|Any CPU.Build.0 = Debug|Any CPU
		{91EA7C37-B500-4E57-9CFA-BF7DA375DC62}.Release|Any CPU.ActiveCfg = Release|Any CPU
		{91EA7C37-B500-4E57-9CFA-BF7DA375DC62}.Release|Any CPU.Build.0 = Release|Any CPU
	EndGlobalSection
	GlobalSection(SolutionProperties) = preSolution
		HideSolutionNode = FALSE
	EndGlobalSection
	GlobalSection(ExtensibilityGlobals) = postSolution
		SolutionGuid = {D0DA430B-9C07-4434-8051-EECE90040991}
	EndGlobalSection
EndGlobal
